# This file is automatically @generated by Poetry 1.8.3 and should not be changed by hand.

[[package]]
name = "cfmtoolbox"
version = "0.1.0"
description = "A plugin-based toolbox for working with cardinality-based feature models"
optional = false
python-versions = "^3.11"
files = []
develop = true

[package.source]
type = "directory"
url = "../cfmtoolbox"

[metadata]
lock-version = "2.0"
python-versions = "^3.11"
content-hash = "7fa6ac6ec2ccc7c69cdf7addab2b275fd2f6d866e5b0620f3517ff88cd5fce05"
